
Microsoft Visual Studio Solution File, Format Version 12.00
# Visual Studio Version 17
VisualStudioVersion = 17.0.31903.59
MinimumVisualStudioVersion = 10.0.40219.1
Project("{FAE04EC0-301F-11D3-BF4B-00C04F79EFBC}") = "ExchangeRatePreviewer.API", "ExchangeRatePreviewer.API\ExchangeRatePreviewer.API.csproj", "{35E73D79-2561-4471-A08E-AFA63B1EF26F}"
EndProject
Project("{FAE04EC0-301F-11D3-BF4B-00C04F79EFBC}") = "ExchangeRatePreviewer.Core", "ExchangeRatePreviewer.Core\ExchangeRatePreviewer.Core.csproj", "{F24B5250-16BD-419A-AB19-D2804C4A129F}"
EndProject
Global
	GlobalSection(SolutionConfigurationPlatforms) = preSolution
		Debug|Any CPU = Debug|Any CPU
		Release|Any CPU = Release|Any CPU
	EndGlobalSection
	GlobalSection(SolutionProperties) = preSolution
		HideSolutionNode = FALSE
	EndGlobalSection
	GlobalSection(ProjectConfigurationPlatforms) = postSolution
		{35E73D79-2561-4471-A08E-AFA63B1EF26F}.Debug|Any CPU.ActiveCfg = Debug|Any CPU
		{35E73D79-2561-4471-A08E-AFA63B1EF26F}.Debug|Any CPU.Build.0 = Debug|Any CPU
		{35E73D79-2561-4471-A08E-AFA63B1EF26F}.Release|Any CPU.ActiveCfg = Release|Any CPU
		{35E73D79-2561-4471-A08E-AFA63B1EF26F}.Release|Any CPU.Build.0 = Release|Any CPU
		{F24B5250-16BD-419A-AB19-D2804C4A129F}.Debug|Any CPU.ActiveCfg = Debug|Any CPU
		{F24B5250-16BD-419A-AB19-D2804C4A129F}.Debug|Any CPU.Build.0 = Debug|Any CPU
		{F24B5250-16BD-419A-AB19-D2804C4A129F}.Release|Any CPU.ActiveCfg = Release|Any CPU
		{F24B5250-16BD-419A-AB19-D2804C4A129F}.Release|Any CPU.Build.0 = Release|Any CPU
	EndGlobalSection
EndGlobal
